
Microsoft Visual Studio Solution File, Format Version 12.00
# Visual Studio Version 17
VisualStudioVersion = 17.8.34525.116
MinimumVisualStudioVersion = 10.0.40219.1
Project("{FAE04EC0-301F-11D3-BF4B-00C04F79EFBC}") = "TraversalCoreProje", "TraversalCoreProje\TraversalCoreProje.csproj", "{23ED1715-3721-4124-920B-14D460694A78}"
EndProject
Project("{FAE04EC0-301F-11D3-BF4B-00C04F79EFBC}") = "EntityLayer", "EntityLayer\EntityLayer.csproj", "{756137CF-B403-449D-82E7-8AAF031922E3}"
EndProject
Project("{FAE04EC0-301F-11D3-BF4B-00C04F79EFBC}") = "DataAccessLayer", "DataAccessLayer\DataAccessLayer.csproj", "{75639D20-BA39-4A54-ACA1-D3BAE6C8CF86}"
EndProject
Project("{FAE04EC0-301F-11D3-BF4B-00C04F79EFBC}") = "BusinessLayer", "BusinessLayer\BusinessLayer.csproj", "{FD926A59-93C6-4D4E-B2BE-3A356994E029}"
EndProject
Global
	GlobalSection(SolutionConfigurationPlatforms) = preSolution
		Debug|Any CPU = Debug|Any CPU
		Release|Any CPU = Release|Any CPU
	EndGlobalSection
	GlobalSection(ProjectConfigurationPlatforms) = postSolution
		{23ED1715-3721-4124-920B-14D460694A78}.Debug|Any CPU.ActiveCfg = Debug|Any CPU
		{23ED1715-3721-4124-920B-14D460694A78}.Debug|Any CPU.Build.0 = Debug|Any CPU
		{23ED1715-3721-4124-920B-14D460694A78}.Release|Any CPU.ActiveCfg = Release|Any CPU
		{23ED1715-3721-4124-920B-14D460694A78}.Release|Any CPU.Build.0 = Release|Any CPU
		{756137CF-B403-449D-82E7-8AAF031922E3}.Debug|Any CPU.ActiveCfg = Debug|Any CPU
		{756137CF-B403-449D-82E7-8AAF031922E3}.Debug|Any CPU.Build.0 = Debug|Any CPU
		{756137CF-B403-449D-82E7-8AAF031922E3}.Release|Any CPU.ActiveCfg = Release|Any CPU
		{756137CF-B403-449D-82E7-8AAF031922E3}.Release|Any CPU.Build.0 = Release|Any CPU
		{75639D20-BA39-4A54-ACA1-D3BAE6C8CF86}.Debug|Any CPU.ActiveCfg = Debug|Any CPU
		{75639D20-BA39-4A54-ACA1-D3BAE6C8CF86}.Debug|Any CPU.Build.0 = Debug|Any CPU
		{75639D20-BA39-4A54-ACA1-D3BAE6C8CF86}.Release|Any CPU.ActiveCfg = Release|Any CPU
		{75639D20-BA39-4A54-ACA1-D3BAE6C8CF86}.Release|Any CPU.Build.0 = Release|Any CPU
		{FD926A59-93C6-4D4E-B2BE-3A356994E029}.Debug|Any CPU.ActiveCfg = Debug|Any CPU
		{FD926A59-93C6-4D4E-B2BE-3A356994E029}.Debug|Any CPU.Build.0 = Debug|Any CPU
		{FD926A59-93C6-4D4E-B2BE-3A356994E029}.Release|Any CPU.ActiveCfg = Release|Any CPU
		{FD926A59-93C6-4D4E-B2BE-3A356994E029}.Release|Any CPU.Build.0 = Release|Any CPU
	EndGlobalSection
	GlobalSection(SolutionProperties) = preSolution
		HideSolutionNode = FALSE
	EndGlobalSection
	GlobalSection(ExtensibilityGlobals) = postSolution
		SolutionGuid = {975E80FF-A0F4-492E-A378-C09F1A90A0E5}
	EndGlobalSection
EndGlobal
